
Microsoft Visual Studio Solution File, Format Version 12.00
# Visual Studio Version 16
VisualStudioVersion = 16.0.29102.190
MinimumVisualStudioVersion = 10.0.40219.1
Project("{9A19103F-16F7-4668-BE54-9A1E7A4F7556}") = "AspNetCoreExamples.Jwt", "AspNetCoreJwt\AspNetCoreExamples.Jwt.csproj", "{F76ADC04-4DD8-465C-AB99-00DF5FCDE1BA}"
EndProject
Project("{9A19103F-16F7-4668-BE54-9A1E7A4F7556}") = "AspNetCoreExamples.EntityFramework", "ApplicationDbContext\AspNetCoreExamples.EntityFramework.csproj", "{76D49774-CD6D-439F-8AA9-BA3954C8F90F}"
EndProject
Project("{9A19103F-16F7-4668-BE54-9A1E7A4F7556}") = "AspNetCoreExamples.Models", "AspNetCoreExamples.Models\AspNetCoreExamples.Models.csproj", "{6B5DEB88-1FC3-4578-9B31-17F1E3311CE8}"
EndProject
Project("{9A19103F-16F7-4668-BE54-9A1E7A4F7556}") = "AspNetCoreExamples.Services", "AspNetCoreExamples.Services\AspNetCoreExamples.Services.csproj", "{096AB3F2-7FF6-45BF-A9C1-F7C8A7F90BDA}"
EndProject
Project("{9A19103F-16F7-4668-BE54-9A1E7A4F7556}") = "AspNetCoreExamples.ViewModels", "AspNetCoreExamples.ViewModels\AspNetCoreExamples.ViewModels.csproj", "{9AF99E7C-F3F8-42A2-86AA-0EDDDD0A4530}"
EndProject
Project("{9A19103F-16F7-4668-BE54-9A1E7A4F7556}") = "AspNectCoreExamples.RouteBasedLocalization", "AspNectCoreExamples.RouteBasedLocalization\AspNectCoreExamples.RouteBasedLocalization.csproj", "{6D5B7054-37BF-4B59-80DD-AEA19549B216}"
EndProject
Project("{9A19103F-16F7-4668-BE54-9A1E7A4F7556}") = "AspNetCoreExamples.SignalRJwt", "AspNetCoreExamples.SignalRJwt\AspNetCoreExamples.SignalRJwt.csproj", "{41B119E6-71A5-4042-B4CE-B1706C59B4A3}"
EndProject
Project("{FAE04EC0-301F-11D3-BF4B-00C04F79EFBC}") = "AspNetCoreExamples.SignalRClient", "AspNetCoreExamples.SignalRClient\AspNetCoreExamples.SignalRClient.csproj", "{934F4D5B-7604-4CB8-9082-CB8D4B339752}"
EndProject
Global
	GlobalSection(SolutionConfigurationPlatforms) = preSolution
		Debug|Any CPU = Debug|Any CPU
		Release|Any CPU = Release|Any CPU
	EndGlobalSection
	GlobalSection(ProjectConfigurationPlatforms) = postSolution
		{F76ADC04-4DD8-465C-AB99-00DF5FCDE1BA}.Debug|Any CPU.ActiveCfg = Debug|Any CPU
		{F76ADC04-4DD8-465C-AB99-00DF5FCDE1BA}.Debug|Any CPU.Build.0 = Debug|Any CPU
		{F76ADC04-4DD8-465C-AB99-00DF5FCDE1BA}.Release|Any CPU.ActiveCfg = Release|Any CPU
		{F76ADC04-4DD8-465C-AB99-00DF5FCDE1BA}.Release|Any CPU.Build.0 = Release|Any CPU
		{76D49774-CD6D-439F-8AA9-BA3954C8F90F}.Debug|Any CPU.ActiveCfg = Debug|Any CPU
		{76D49774-CD6D-439F-8AA9-BA3954C8F90F}.Debug|Any CPU.Build.0 = Debug|Any CPU
		{76D49774-CD6D-439F-8AA9-BA3954C8F90F}.Release|Any CPU.ActiveCfg = Release|Any CPU
		{76D49774-CD6D-439F-8AA9-BA3954C8F90F}.Release|Any CPU.Build.0 = Release|Any CPU
		{6B5DEB88-1FC3-4578-9B31-17F1E3311CE8}.Debug|Any CPU.ActiveCfg = Debug|Any CPU
		{6B5DEB88-1FC3-4578-9B31-17F1E3311CE8}.Debug|Any CPU.Build.0 = Debug|Any CPU
		{6B5DEB88-1FC3-4578-9B31-17F1E3311CE8}.Release|Any CPU.ActiveCfg = Release|Any CPU
		{6B5DEB88-1FC3-4578-9B31-17F1E3311CE8}.Release|Any CPU.Build.0 = Release|Any CPU
		{096AB3F2-7FF6-45BF-A9C1-F7C8A7F90BDA}.Debug|Any CPU.ActiveCfg = Debug|Any CPU
		{096AB3F2-7FF6-45BF-A9C1-F7C8A7F90BDA}.Debug|Any CPU.Build.0 = Debug|Any CPU
		{096AB3F2-7FF6-45BF-A9C1-F7C8A7F90BDA}.Release|Any CPU.ActiveCfg = Release|Any CPU
		{096AB3F2-7FF6-45BF-A9C1-F7C8A7F90BDA}.Release|Any CPU.Build.0 = Release|Any CPU
		{9AF99E7C-F3F8-42A2-86AA-0EDDDD0A4530}.Debug|Any CPU.ActiveCfg = Debug|Any CPU
		{9AF99E7C-F3F8-42A2-86AA-0EDDDD0A4530}.Debug|Any CPU.Build.0 = Debug|Any CPU
		{9AF99E7C-F3F8-42A2-86AA-0EDDDD0A4530}.Release|Any CPU.ActiveCfg = Release|Any CPU
		{9AF99E7C-F3F8-42A2-86AA-0EDDDD0A4530}.Release|Any CPU.Build.0 = Release|Any CPU
		{6D5B7054-37BF-4B59-80DD-AEA19549B216}.Debug|Any CPU.ActiveCfg = Debug|Any CPU
		{6D5B7054-37BF-4B59-80DD-AEA19549B216}.Debug|Any CPU.Build.0 = Debug|Any CPU
		{6D5B7054-37BF-4B59-80DD-AEA19549B216}.Release|Any CPU.ActiveCfg = Release|Any CPU
		{6D5B7054-37BF-4B59-80DD-AEA19549B216}.Release|Any CPU.Build.0 = Release|Any CPU
		{41B119E6-71A5-4042-B4CE-B1706C59B4A3}.Debug|Any CPU.ActiveCfg = Debug|Any CPU
		{41B119E6-71A5-4042-B4CE-B1706C59B4A3}.Debug|Any CPU.Build.0 = Debug|Any CPU
		{41B119E6-71A5-4042-B4CE-B1706C59B4A3}.Release|Any CPU.ActiveCfg = Release|Any CPU
		{41B119E6-71A5-4042-B4CE-B1706C59B4A3}.Release|Any CPU.Build.0 = Release|Any CPU
		{934F4D5B-7604-4CB8-9082-CB8D4B339752}.Debug|Any CPU.ActiveCfg = Debug|Any CPU
		{934F4D5B-7604-4CB8-9082-CB8D4B339752}.Debug|Any CPU.Build.0 = Debug|Any CPU
		{934F4D5B-7604-4CB8-9082-CB8D4B339752}.Release|Any CPU.ActiveCfg = Release|Any CPU
		{934F4D5B-7604-4CB8-9082-CB8D4B339752}.Release|Any CPU.Build.0 = Release|Any CPU
	EndGlobalSection
	GlobalSection(SolutionProperties) = preSolution
		HideSolutionNode = FALSE
	EndGlobalSection
	GlobalSection(ExtensibilityGlobals) = postSolution
		SolutionGuid = {D0EEE9EB-A790-4CC0-BEAF-02AC314C06A3}
	EndGlobalSection
EndGlobal
